
Microsoft Visual Studio Solution File, Format Version 12.00
# Visual Studio 15
VisualStudioVersion = 15.0.28307.271
MinimumVisualStudioVersion = 10.0.40219.1
Project("{FAE04EC0-301F-11D3-BF4B-00C04F79EFBC}") = "solution3", "solution3\solution3.csproj", "{38BB1380-22C8-4004-A9A3-4D8873E8CA59}"
EndProject
Global
	GlobalSection(SolutionConfigurationPlatforms) = preSolution
		Debug|Any CPU = Debug|Any CPU
		Release|Any CPU = Release|Any CPU
	EndGlobalSection
	GlobalSection(ProjectConfigurationPlatforms) = postSolution
		{38BB1380-22C8-4004-A9A3-4D8873E8CA59}.Debug|Any CPU.ActiveCfg = Debug|Any CPU
		{38BB1380-22C8-4004-A9A3-4D8873E8CA59}.Debug|Any CPU.Build.0 = Debug|Any CPU
		{38BB1380-22C8-4004-A9A3-4D8873E8CA59}.Release|Any CPU.ActiveCfg = Release|Any CPU
		{38BB1380-22C8-4004-A9A3-4D8873E8CA59}.Release|Any CPU.Build.0 = Release|Any CPU
	EndGlobalSection
	GlobalSection(SolutionProperties) = preSolution
		HideSolutionNode = FALSE
	EndGlobalSection
	GlobalSection(ExtensibilityGlobals) = postSolution
		SolutionGuid = {A2969531-BC88-4602-8344-7FFBB75EF0D5}
	EndGlobalSection
EndGlobal
